
Microsoft Visual Studio Solution File, Format Version 12.00
# Visual Studio Version 16
VisualStudioVersion = 16.0.33214.272
MinimumVisualStudioVersion = 10.0.40219.1
Project("{FAE04EC0-301F-11D3-BF4B-00C04F79EFBC}") = "WpfApp4", "WpfApp4\WpfApp4.csproj", "{9A7C10B3-D9A8-4720-A5C0-8CC92FA779BD}"
EndProject
Global
	GlobalSection(SolutionConfigurationPlatforms) = preSolution
		Debug|Any CPU = Debug|Any CPU
		Release|Any CPU = Release|Any CPU
	EndGlobalSection
	GlobalSection(ProjectConfigurationPlatforms) = postSolution
		{9A7C10B3-D9A8-4720-A5C0-8CC92FA779BD}.Debug|Any CPU.ActiveCfg = Debug|Any CPU
		{9A7C10B3-D9A8-4720-A5C0-8CC92FA779BD}.Debug|Any CPU.Build.0 = Debug|Any CPU
		{9A7C10B3-D9A8-4720-A5C0-8CC92FA779BD}.Release|Any CPU.ActiveCfg = Release|Any CPU
		{9A7C10B3-D9A8-4720-A5C0-8CC92FA779BD}.Release|Any CPU.Build.0 = Release|Any CPU
	EndGlobalSection
	GlobalSection(SolutionProperties) = preSolution
		HideSolutionNode = FALSE
	EndGlobalSection
	GlobalSection(ExtensibilityGlobals) = postSolution
		SolutionGuid = {A8D6258E-9B88-4E74-A294-BE5F452B772F}
	EndGlobalSection
EndGlobal
